{
  "version": 4,
  "terraform_version": "1.1.9",
  "serial": 11,
  "lineage": "1fbc8690-fddc-0e2e-1dfe-562fb65a758f",
  "outputs": {},
  "resources": [
    {
      "mode": "data",
      "type": "nsxt_policy_edge_cluster",
      "name": "edgecluster",
      "provider": "provider[\"registry.terraform.io/vmware/nsxt\"]",
      "instances": [
        {
          "schema_version": 0,
          "attributes": {
            "description": "Edge Cluster",
            "display_name": "vSDDC-T0-Edge-Cluster-01",
            "id": "b2eb0d07-e2f7-4f7c-8bf4-defc82274b4e",
            "path": "/infra/sites/default/enforcement-points/default/edge-clusters/b2eb0d07-e2f7-4f7c-8bf4-defc82274b4e",
            "site_path": null
          },
          "sensitive_attributes": []
        }
      ]
    },
    {
      "mode": "data",
      "type": "nsxt_policy_edge_node",
      "name": "edgenode1",
      "provider": "provider[\"registry.terraform.io/vmware/nsxt\"]",
      "instances": [
        {
          "schema_version": 0,
          "attributes": {
            "description": "",
            "display_name": "vSDDC-T0-EdgeVM-01",
            "edge_cluster_path": "/infra/sites/default/enforcement-points/default/edge-clusters/b2eb0d07-e2f7-4f7c-8bf4-defc82274b4e",
            "id": "0",
            "member_index": 0,
            "path": "/infra/sites/default/enforcement-points/default/edge-clusters/b2eb0d07-e2f7-4f7c-8bf4-defc82274b4e/edge-nodes/0"
          },
          "sensitive_attributes": []
        }
      ]
    },
    {
      "mode": "data",
      "type": "nsxt_policy_edge_node",
      "name": "edgenode2",
      "provider": "provider[\"registry.terraform.io/vmware/nsxt\"]",
      "instances": [
        {
          "schema_version": 0,
          "attributes": {
            "description": "",
            "display_name": "vSDDC-T0-EdgeVM-02",
            "edge_cluster_path": "/infra/sites/default/enforcement-points/default/edge-clusters/b2eb0d07-e2f7-4f7c-8bf4-defc82274b4e",
            "id": "1",
            "member_index": 1,
            "path": "/infra/sites/default/enforcement-points/default/edge-clusters/b2eb0d07-e2f7-4f7c-8bf4-defc82274b4e/edge-nodes/1"
          },
          "sensitive_attributes": []
        }
      ]
    },
    {
      "mode": "data",
      "type": "nsxt_policy_service",
      "name": "https",
      "provider": "provider[\"registry.terraform.io/vmware/nsxt\"]",
      "instances": [
        {
          "schema_version": 0,
          "attributes": {
            "description": "HTTPS",
            "display_name": "HTTPS",
            "id": "HTTPS",
            "path": "/infra/services/HTTPS"
          },
          "sensitive_attributes": []
        }
      ]
    },
    {
      "mode": "data",
      "type": "nsxt_policy_service",
      "name": "icmp-all",
      "provider": "provider[\"registry.terraform.io/vmware/nsxt\"]",
      "instances": [
        {
          "schema_version": 0,
          "attributes": {
            "description": "ICMP ALL",
            "display_name": "ICMP ALL",
            "id": "ICMP-ALL",
            "path": "/infra/services/ICMP-ALL"
          },
          "sensitive_attributes": []
        }
      ]
    },
    {
      "mode": "data",
      "type": "nsxt_policy_service",
      "name": "mysql",
      "provider": "provider[\"registry.terraform.io/vmware/nsxt\"]",
      "instances": [
        {
          "schema_version": 0,
          "attributes": {
            "description": "MySQL",
            "display_name": "MySQL",
            "id": "MySQL",
            "path": "/infra/services/MySQL"
          },
          "sensitive_attributes": []
        }
      ]
    },
    {
      "mode": "data",
      "type": "nsxt_policy_service",
      "name": "ssh",
      "provider": "provider[\"registry.terraform.io/vmware/nsxt\"]",
      "instances": [
        {
          "schema_version": 0,
          "attributes": {
            "description": "SSH",
            "display_name": "SSH",
            "id": "SSH",
            "path": "/infra/services/SSH"
          },
          "sensitive_attributes": []
        }
      ]
    },
    {
      "mode": "data",
      "type": "nsxt_policy_tier0_gateway",
      "name": "T0-Gateway-01",
      "provider": "provider[\"registry.terraform.io/vmware/nsxt\"]",
      "instances": [
        {
          "schema_version": 0,
          "attributes": {
            "description": "",
            "display_name": "T0-Gateway-01",
            "edge_cluster_path": "/infra/sites/default/enforcement-points/default/edge-clusters/b2eb0d07-e2f7-4f7c-8bf4-defc82274b4e",
            "id": "T0-Gateway-01",
            "path": "/infra/tier-0s/T0-Gateway-01"
          },
          "sensitive_attributes": []
        }
      ]
    },
    {
      "mode": "data",
      "type": "nsxt_policy_transport_zone",
      "name": "overlaytz",
      "provider": "provider[\"registry.terraform.io/vmware/nsxt\"]",
      "instances": [
        {
          "schema_version": 0,
          "attributes": {
            "description": "GEVEVE Overlay Transport Zone",
            "display_name": "TZ-Overlay",
            "id": "2ecc970d-7274-4ba2-a004-a11c3baa773d",
            "is_default": true,
            "path": "/infra/sites/default/enforcement-points/default/transport-zones/2ecc970d-7274-4ba2-a004-a11c3baa773d",
            "site_path": null,
            "transport_type": "OVERLAY_STANDARD"
          },
          "sensitive_attributes": []
        }
      ]
    },
    {
      "mode": "data",
      "type": "nsxt_policy_transport_zone",
      "name": "vlantz",
      "provider": "provider[\"registry.terraform.io/vmware/nsxt\"]",
      "instances": [
        {
          "schema_version": 0,
          "attributes": {
            "description": "VLAN Transport Zone",
            "display_name": "TZ-VLAN",
            "id": "ca91ba15-d6cd-4deb-b553-af5be00b5a78",
            "is_default": false,
            "path": "/infra/sites/default/enforcement-points/default/transport-zones/ca91ba15-d6cd-4deb-b553-af5be00b5a78",
            "site_path": null,
            "transport_type": "VLAN_BACKED"
          },
          "sensitive_attributes": []
        }
      ]
    },
    {
      "mode": "managed",
      "type": "nsxt_policy_group",
      "name": "db-vm-group",
      "provider": "provider[\"registry.terraform.io/vmware/nsxt\"]",
      "instances": [
        {
          "schema_version": 0,
          "attributes": {
            "conjunction": [],
            "criteria": [
              {
                "condition": [
                  {
                    "key": "Name",
                    "member_type": "VirtualMachine",
                    "operator": "STARTSWITH",
                    "value": "DB"
                  }
                ],
                "external_id_expression": [],
                "ipaddress_expression": [],
                "macaddress_expression": [],
                "path_expression": []
              }
            ],
            "description": "",
            "display_name": "DB-VM-Group",
            "domain": "default",
            "extended_criteria": [],
            "id": "c2b33a88-1669-4fda-bf5a-562ed7dd9fe7",
            "nsx_id": "c2b33a88-1669-4fda-bf5a-562ed7dd9fe7",
            "path": "/infra/domains/default/groups/c2b33a88-1669-4fda-bf5a-562ed7dd9fe7",
            "revision": 0,
            "tag": []
          },
          "sensitive_attributes": [],
          "private": "bnVsbA=="
        }
      ]
    },
    {
      "mode": "managed",
      "type": "nsxt_policy_group",
      "name": "mgmt-ip-ipset",
      "provider": "provider[\"registry.terraform.io/vmware/nsxt\"]",
      "instances": [
        {
          "schema_version": 0,
          "attributes": {
            "conjunction": [],
            "criteria": [
              {
                "condition": [],
                "external_id_expression": [],
                "ipaddress_expression": [
                  {
                    "ip_addresses": [
                      "192.168.110.10"
                    ]
                  }
                ],
                "macaddress_expression": [],
                "path_expression": []
              }
            ],
            "description": "",
            "display_name": "Mgmt-IP-ipset",
            "domain": "default",
            "extended_criteria": [],
            "id": "47d27a13-d6b5-4e38-aab5-640e66299d6d",
            "nsx_id": "47d27a13-d6b5-4e38-aab5-640e66299d6d",
            "path": "/infra/domains/default/groups/47d27a13-d6b5-4e38-aab5-640e66299d6d",
            "revision": 0,
            "tag": []
          },
          "sensitive_attributes": [],
          "private": "bnVsbA=="
        }
      ]
    },
    {
      "mode": "managed",
      "type": "nsxt_policy_group",
      "name": "web-vm-group",
      "provider": "provider[\"registry.terraform.io/vmware/nsxt\"]",
      "instances": [
        {
          "schema_version": 0,
          "attributes": {
            "conjunction": [],
            "criteria": [
              {
                "condition": [
                  {
                    "key": "Name",
                    "member_type": "VirtualMachine",
                    "operator": "STARTSWITH",
                    "value": "Web"
                  }
                ],
                "external_id_expression": [],
                "ipaddress_expression": [],
                "macaddress_expression": [],
                "path_expression": []
              }
            ],
            "description": "",
            "display_name": "Web-VM-Group",
            "domain": "default",
            "extended_criteria": [],
            "id": "3c6c4af5-4e7f-427d-b9d2-ff9e61cd4786",
            "nsx_id": "3c6c4af5-4e7f-427d-b9d2-ff9e61cd4786",
            "path": "/infra/domains/default/groups/3c6c4af5-4e7f-427d-b9d2-ff9e61cd4786",
            "revision": 0,
            "tag": []
          },
          "sensitive_attributes": [],
          "private": "bnVsbA=="
        }
      ]
    },
    {
      "mode": "managed",
      "type": "nsxt_policy_nat_rule",
      "name": "nat-web01",
      "provider": "provider[\"registry.terraform.io/vmware/nsxt\"]",
      "instances": [
        {
          "schema_version": 0,
          "attributes": {
            "action": "DNAT",
            "description": "",
            "destination_networks": [
              "88.88.88.88"
            ],
            "display_name": "NAT-WEB01",
            "enabled": true,
            "firewall_match": "BYPASS",
            "gateway_path": "/infra/tier-1s/c66389dd-151d-4efa-b001-4316a722ee90",
            "id": "1b55df85-1155-4757-9895-0e0e2c8a4de3",
            "logging": false,
            "nsx_id": "1b55df85-1155-4757-9895-0e0e2c8a4de3",
            "path": "/infra/tier-1s/c66389dd-151d-4efa-b001-4316a722ee90/nat/USER/nat-rules/1b55df85-1155-4757-9895-0e0e2c8a4de3",
            "revision": 0,
            "rule_priority": 100,
            "scope": [],
            "service": "",
            "source_networks": null,
            "tag": [],
            "translated_networks": [
              "172.16.10.11"
            ],
            "translated_ports": ""
          },
          "sensitive_attributes": [],
          "private": "bnVsbA==",
          "dependencies": [
            "data.nsxt_policy_edge_cluster.edgecluster",
            "data.nsxt_policy_tier0_gateway.T0-Gateway-01",
            "nsxt_policy_tier1_gateway.t1-paris"
          ]
        }
      ]
    },
    {
      "mode": "managed",
      "type": "nsxt_policy_security_policy",
      "name": "management-access",
      "provider": "provider[\"registry.terraform.io/vmware/nsxt\"]",
      "instances": [
        {
          "schema_version": 0,
          "attributes": {
            "category": "Infrastructure",
            "comments": "",
            "description": "",
            "display_name": "Management Access",
            "domain": "default",
            "id": "82c524f9-46fb-491e-8d89-1db268dbeebf",
            "locked": false,
            "nsx_id": "82c524f9-46fb-491e-8d89-1db268dbeebf",
            "path": "/infra/domains/default/security-policies/82c524f9-46fb-491e-8d89-1db268dbeebf",
            "revision": 1,
            "rule": [
              {
                "action": "ALLOW",
                "description": "",
                "destination_groups": [
                  "/infra/domains/default/groups/3c6c4af5-4e7f-427d-b9d2-ff9e61cd4786",
                  "/infra/domains/default/groups/c2b33a88-1669-4fda-bf5a-562ed7dd9fe7"
                ],
                "destinations_excluded": false,
                "direction": "IN_OUT",
                "disabled": false,
                "display_name": "Management SSH + ICMP",
                "ip_version": "IPV4_IPV6",
                "log_label": "",
                "logged": false,
                "notes": "",
                "nsx_id": "35bed362-01e8-4046-97f4-2c1797547ca6",
                "profiles": [],
                "revision": 0,
                "rule_id": 2028,
                "scope": [
                  "/infra/domains/default/groups/3c6c4af5-4e7f-427d-b9d2-ff9e61cd4786",
                  "/infra/domains/default/groups/c2b33a88-1669-4fda-bf5a-562ed7dd9fe7"
                ],
                "sequence_number": 0,
                "services": [
                  "/infra/services/ICMP-ALL",
                  "/infra/services/SSH"
                ],
                "source_groups": [
                  "/infra/domains/default/groups/47d27a13-d6b5-4e38-aab5-640e66299d6d"
                ],
                "sources_excluded": false,
                "tag": []
              }
            ],
            "scope": [],
            "sequence_number": 0,
            "stateful": true,
            "tag": [],
            "tcp_strict": false
          },
          "sensitive_attributes": [],
          "private": "bnVsbA==",
          "dependencies": [
            "data.nsxt_policy_service.icmp-all",
            "data.nsxt_policy_service.ssh",
            "nsxt_policy_group.db-vm-group",
            "nsxt_policy_group.mgmt-ip-ipset",
            "nsxt_policy_group.web-vm-group"
          ]
        }
      ]
    },
    {
      "mode": "managed",
      "type": "nsxt_policy_security_policy",
      "name": "two-tier-app",
      "provider": "provider[\"registry.terraform.io/vmware/nsxt\"]",
      "instances": [
        {
          "schema_version": 0,
          "attributes": {
            "category": "Application",
            "comments": "",
            "description": "",
            "display_name": "2Tier App",
            "domain": "default",
            "id": "2064fe64-b703-494d-b000-da82bc5c0f8b",
            "locked": false,
            "nsx_id": "2064fe64-b703-494d-b000-da82bc5c0f8b",
            "path": "/infra/domains/default/security-policies/2064fe64-b703-494d-b000-da82bc5c0f8b",
            "revision": 1,
            "rule": [
              {
                "action": "ALLOW",
                "description": "",
                "destination_groups": [
                  "/infra/domains/default/groups/3c6c4af5-4e7f-427d-b9d2-ff9e61cd4786"
                ],
                "destinations_excluded": false,
                "direction": "IN_OUT",
                "disabled": false,
                "display_name": "Any to Web",
                "ip_version": "IPV4_IPV6",
                "log_label": "",
                "logged": false,
                "notes": "",
                "nsx_id": "0141dcaf-cefb-4959-8869-1b0b23110f26",
                "profiles": [],
                "revision": 0,
                "rule_id": 2032,
                "scope": [
                  "/infra/domains/default/groups/3c6c4af5-4e7f-427d-b9d2-ff9e61cd4786"
                ],
                "sequence_number": 0,
                "services": [
                  "/infra/services/HTTPS",
                  "/infra/services/ICMP-ALL"
                ],
                "source_groups": [],
                "sources_excluded": false,
                "tag": []
              },
              {
                "action": "ALLOW",
                "description": "",
                "destination_groups": [
                  "/infra/domains/default/groups/c2b33a88-1669-4fda-bf5a-562ed7dd9fe7"
                ],
                "destinations_excluded": false,
                "direction": "IN_OUT",
                "disabled": false,
                "display_name": "Test by Sachin",
                "ip_version": "IPV4_IPV6",
                "log_label": "",
                "logged": false,
                "notes": "",
                "nsx_id": "571ca39f-0310-4cbd-bef8-f99792787644",
                "profiles": [],
                "revision": 0,
                "rule_id": 2033,
                "scope": [
                  "/infra/domains/default/groups/3c6c4af5-4e7f-427d-b9d2-ff9e61cd4786",
                  "/infra/domains/default/groups/c2b33a88-1669-4fda-bf5a-562ed7dd9fe7"
                ],
                "sequence_number": 1,
                "services": [
                  "/infra/services/MySQL"
                ],
                "source_groups": [
                  "/infra/domains/default/groups/3c6c4af5-4e7f-427d-b9d2-ff9e61cd4786"
                ],
                "sources_excluded": false,
                "tag": []
              },
              {
                "action": "ALLOW",
                "description": "",
                "destination_groups": [
                  "/infra/domains/default/groups/c2b33a88-1669-4fda-bf5a-562ed7dd9fe7"
                ],
                "destinations_excluded": false,
                "direction": "IN_OUT",
                "disabled": false,
                "display_name": "Web to DB",
                "ip_version": "IPV4_IPV6",
                "log_label": "",
                "logged": false,
                "notes": "",
                "nsx_id": "0bc8f57e-8b28-4675-8d9c-bcbf7d0259f3",
                "profiles": [],
                "revision": 0,
                "rule_id": 2030,
                "scope": [
                  "/infra/domains/default/groups/3c6c4af5-4e7f-427d-b9d2-ff9e61cd4786",
                  "/infra/domains/default/groups/c2b33a88-1669-4fda-bf5a-562ed7dd9fe7"
                ],
                "sequence_number": 2,
                "services": [
                  "/infra/services/MySQL"
                ],
                "source_groups": [
                  "/infra/domains/default/groups/3c6c4af5-4e7f-427d-b9d2-ff9e61cd4786"
                ],
                "sources_excluded": false,
                "tag": []
              },
              {
                "action": "REJECT",
                "description": "",
                "destination_groups": null,
                "destinations_excluded": false,
                "direction": "IN_OUT",
                "disabled": false,
                "display_name": "Deny All",
                "ip_version": "IPV4_IPV6",
                "log_label": "",
                "logged": false,
                "notes": "",
                "nsx_id": "b162afa9-092d-4308-8649-ceea6cfcfb49",
                "profiles": null,
                "revision": 0,
                "rule_id": 2031,
                "scope": [
                  "/infra/domains/default/groups/3c6c4af5-4e7f-427d-b9d2-ff9e61cd4786",
                  "/infra/domains/default/groups/c2b33a88-1669-4fda-bf5a-562ed7dd9fe7"
                ],
                "sequence_number": 3,
                "services": null,
                "source_groups": null,
                "sources_excluded": false,
                "tag": []
              }
            ],
            "scope": [],
            "sequence_number": 0,
            "stateful": true,
            "tag": [],
            "tcp_strict": false
          },
          "sensitive_attributes": [],
          "private": "bnVsbA==",
          "dependencies": [
            "data.nsxt_policy_service.https",
            "data.nsxt_policy_service.icmp-all",
            "data.nsxt_policy_service.mysql",
            "nsxt_policy_group.db-vm-group",
            "nsxt_policy_group.web-vm-group"
          ]
        }
      ]
    },
    {
      "mode": "managed",
      "type": "nsxt_policy_segment",
      "name": "db-seg",
      "provider": "provider[\"registry.terraform.io/vmware/nsxt\"]",
      "instances": [
        {
          "schema_version": 0,
          "attributes": {
            "advanced_config": [
              {
                "address_pool_path": "",
                "connectivity": "ON",
                "hybrid": false,
                "local_egress": false,
                "uplink_teaming_policy": "",
                "urpf_mode": "STRICT"
              }
            ],
            "connectivity_path": "/infra/tier-1s/c66389dd-151d-4efa-b001-4316a722ee90",
            "description": "",
            "dhcp_config_path": "",
            "discovery_profile": [],
            "display_name": "db-seg",
            "domain_name": "",
            "id": "9464f9a9-fec4-47b4-a530-5ae46c0bcb18",
            "l2_extension": [],
            "nsx_id": "9464f9a9-fec4-47b4-a530-5ae46c0bcb18",
            "overlay_id": 0,
            "path": "/infra/segments/9464f9a9-fec4-47b4-a530-5ae46c0bcb18",
            "qos_profile": [],
            "revision": 0,
            "security_profile": [],
            "subnet": [
              {
                "cidr": "172.16.20.1/24",
                "dhcp_ranges": [],
                "dhcp_v4_config": [],
                "dhcp_v6_config": [],
                "network": "172.16.20.0/24"
              }
            ],
            "tag": [],
            "transport_zone_path": "/infra/sites/default/enforcement-points/default/transport-zones/2ecc970d-7274-4ba2-a004-a11c3baa773d",
            "vlan_ids": []
          },
          "sensitive_attributes": [],
          "private": "bnVsbA==",
          "dependencies": [
            "data.nsxt_policy_edge_cluster.edgecluster",
            "data.nsxt_policy_tier0_gateway.T0-Gateway-01",
            "data.nsxt_policy_transport_zone.overlaytz",
            "nsxt_policy_tier1_gateway.t1-paris"
          ]
        }
      ]
    },
    {
      "mode": "managed",
      "type": "nsxt_policy_segment",
      "name": "web-seg",
      "provider": "provider[\"registry.terraform.io/vmware/nsxt\"]",
      "instances": [
        {
          "schema_version": 0,
          "attributes": {
            "advanced_config": [
              {
                "address_pool_path": "",
                "connectivity": "ON",
                "hybrid": false,
                "local_egress": false,
                "uplink_teaming_policy": "",
                "urpf_mode": "STRICT"
              }
            ],
            "connectivity_path": "/infra/tier-1s/c66389dd-151d-4efa-b001-4316a722ee90",
            "description": "",
            "dhcp_config_path": "",
            "discovery_profile": [],
            "display_name": "web-seg",
            "domain_name": "",
            "id": "07122f7d-27d9-4302-b86b-f6dfef5b632c",
            "l2_extension": [],
            "nsx_id": "07122f7d-27d9-4302-b86b-f6dfef5b632c",
            "overlay_id": 0,
            "path": "/infra/segments/07122f7d-27d9-4302-b86b-f6dfef5b632c",
            "qos_profile": [],
            "revision": 0,
            "security_profile": [],
            "subnet": [
              {
                "cidr": "172.16.10.1/24",
                "dhcp_ranges": [],
                "dhcp_v4_config": [],
                "dhcp_v6_config": [],
                "network": "172.16.10.0/24"
              }
            ],
            "tag": [],
            "transport_zone_path": "/infra/sites/default/enforcement-points/default/transport-zones/2ecc970d-7274-4ba2-a004-a11c3baa773d",
            "vlan_ids": []
          },
          "sensitive_attributes": [],
          "private": "bnVsbA==",
          "dependencies": [
            "data.nsxt_policy_edge_cluster.edgecluster",
            "data.nsxt_policy_tier0_gateway.T0-Gateway-01",
            "data.nsxt_policy_transport_zone.overlaytz",
            "nsxt_policy_tier1_gateway.t1-paris"
          ]
        }
      ]
    },
    {
      "mode": "managed",
      "type": "nsxt_policy_tier1_gateway",
      "name": "t1-paris",
      "provider": "provider[\"registry.terraform.io/vmware/nsxt\"]",
      "instances": [
        {
          "schema_version": 0,
          "attributes": {
            "default_rule_logging": false,
            "description": "",
            "dhcp_config_path": null,
            "display_name": "T1-Paris",
            "edge_cluster_path": "/infra/sites/default/enforcement-points/default/edge-clusters/b2eb0d07-e2f7-4f7c-8bf4-defc82274b4e",
            "egress_qos_profile_path": null,
            "enable_firewall": true,
            "enable_standby_relocation": false,
            "failover_mode": "NON_PREEMPTIVE",
            "force_whitelisting": false,
            "id": "c66389dd-151d-4efa-b001-4316a722ee90",
            "ingress_qos_profile_path": null,
            "intersite_config": [],
            "ipv6_dad_profile_path": "/infra/ipv6-dad-profiles/default",
            "ipv6_ndra_profile_path": "/infra/ipv6-ndra-profiles/default",
            "locale_service": [],
            "nsx_id": "c66389dd-151d-4efa-b001-4316a722ee90",
            "path": "/infra/tier-1s/c66389dd-151d-4efa-b001-4316a722ee90",
            "pool_allocation": "ROUTING",
            "revision": 1,
            "route_advertisement_rule": [],
            "route_advertisement_types": [
              "TIER1_CONNECTED",
              "TIER1_DNS_FORWARDER_IP",
              "TIER1_IPSEC_LOCAL_ENDPOINT",
              "TIER1_LB_SNAT",
              "TIER1_LB_VIP",
              "TIER1_NAT",
              "TIER1_STATIC_ROUTES"
            ],
            "tag": [],
            "tier0_path": "/infra/tier-0s/T0-Gateway-01"
          },
          "sensitive_attributes": [],
          "private": "bnVsbA==",
          "dependencies": [
            "data.nsxt_policy_edge_cluster.edgecluster",
            "data.nsxt_policy_tier0_gateway.T0-Gateway-01"
          ]
        }
      ]
    }
  ]
}
