{
  "version": 4,
  "terraform_version": "1.2.2",
  "serial": 607,
  "lineage": "df64129c-8701-1a5e-3a74-f7c1739788cf",
  "outputs": {},
  "resources": [
    {
      "mode": "data",
      "type": "nsxt_policy_edge_cluster",
      "name": "edge_cluster_vrf",
      "provider": "provider[\"registry.terraform.io/vmware/nsxt\"]",
      "instances": [
        {
          "schema_version": 0,
          "attributes": {
            "description": "Edge Cluster",
            "display_name": "vSDDC-T0-Edge-Cluster-01",
            "id": "b2eb0d07-e2f7-4f7c-8bf4-defc82274b4e",
            "path": "/infra/sites/default/enforcement-points/default/edge-clusters/b2eb0d07-e2f7-4f7c-8bf4-defc82274b4e",
            "site_path": null
          },
          "sensitive_attributes": []
        }
      ]
    },
    {
      "mode": "managed",
      "type": "nsxt_policy_tier0_gateway",
      "name": "vrf_tier0_gw",
      "provider": "provider[\"registry.terraform.io/vmware/nsxt\"]",
      "instances": [
        {
          "schema_version": 0,
          "attributes": {
            "bgp_config": [
              {
                "ecmp": false,
                "enabled": true,
                "graceful_restart_mode": "HELPER_ONLY",
                "graceful_restart_stale_route_timer": 600,
                "graceful_restart_timer": 180,
                "inter_sr_ibgp": false,
                "local_as_num": "65201",
                "multipath_relax": false,
                "path": "/infra/tier-0s/1e225bb1-d440-47f4-8728-85209aa45143/locale-services/default/bgp",
                "revision": 1,
                "route_aggregation": [],
                "tag": []
              }
            ],
            "default_rule_logging": false,
            "description": "VRF Tier 0",
            "dhcp_config_path": null,
            "display_name": "VRF-Tier-0",
            "edge_cluster_path": "/infra/sites/default/enforcement-points/default/edge-clusters/b2eb0d07-e2f7-4f7c-8bf4-defc82274b4e",
            "enable_firewall": false,
            "failover_mode": "NON_PREEMPTIVE",
            "force_whitelisting": false,
            "ha_mode": "ACTIVE_STANDBY",
            "id": "1e225bb1-d440-47f4-8728-85209aa45143",
            "internal_transit_subnets": [
              "169.254.0.0/24"
            ],
            "intersite_config": [],
            "ipv6_dad_profile_path": "/infra/ipv6-dad-profiles/default",
            "ipv6_ndra_profile_path": "/infra/ipv6-ndra-profiles/default",
            "locale_service": [],
            "nsx_id": "1e225bb1-d440-47f4-8728-85209aa45143",
            "path": "/infra/tier-0s/1e225bb1-d440-47f4-8728-85209aa45143",
            "rd_admin_address": "",
            "redistribution_config": [],
            "redistribution_set": false,
            "revision": 2,
            "tag": [],
            "transit_subnets": [
              "100.64.0.0/16"
            ],
            "vrf_config": []
          },
          "sensitive_attributes": [],
          "private": "bnVsbA==",
          "dependencies": [
            "data.nsxt_policy_edge_cluster.edge_cluster_vrf"
          ]
        }
      ]
    }
  ]
}
