{
  "version": 4,
  "terraform_version": "1.2.2",
  "serial": 282,
  "lineage": "b4cd3799-241f-40aa-2310-e6218496a763",
  "outputs": {},
  "resources": [
    {
      "mode": "data",
      "type": "nsxt_policy_edge_cluster",
      "name": "edge_cluster_vrf",
      "provider": "provider[\"registry.terraform.io/vmware/nsxt\"]",
      "instances": [
        {
          "schema_version": 0,
          "attributes": {
            "description": "Edge Cluster",
            "display_name": "vSDDC-T0-Edge-Cluster-01",
            "id": "d82d323c-5862-48f9-b6ef-490f5bc4ca52",
            "path": "/infra/sites/default/enforcement-points/default/edge-clusters/d82d323c-5862-48f9-b6ef-490f5bc4ca52",
            "site_path": null
          },
          "sensitive_attributes": []
        }
      ]
    },
    {
      "mode": "data",
      "type": "nsxt_policy_edge_node",
      "name": "edge_node_1",
      "provider": "provider[\"registry.terraform.io/vmware/nsxt\"]",
      "instances": [
        {
          "schema_version": 0,
          "attributes": {
            "description": "",
            "display_name": "vSDDC-T0-EdgeVM-01",
            "edge_cluster_path": "/infra/sites/default/enforcement-points/default/edge-clusters/d82d323c-5862-48f9-b6ef-490f5bc4ca52",
            "id": "0",
            "member_index": null,
            "path": "/infra/sites/default/enforcement-points/default/edge-clusters/d82d323c-5862-48f9-b6ef-490f5bc4ca52/edge-nodes/0"
          },
          "sensitive_attributes": []
        }
      ]
    },
    {
      "mode": "data",
      "type": "nsxt_policy_edge_node",
      "name": "edge_node_2",
      "provider": "provider[\"registry.terraform.io/vmware/nsxt\"]",
      "instances": [
        {
          "schema_version": 0,
          "attributes": {
            "description": "",
            "display_name": "vSDDC-T0-EdgeVM-02",
            "edge_cluster_path": "/infra/sites/default/enforcement-points/default/edge-clusters/d82d323c-5862-48f9-b6ef-490f5bc4ca52",
            "id": "1",
            "member_index": null,
            "path": "/infra/sites/default/enforcement-points/default/edge-clusters/d82d323c-5862-48f9-b6ef-490f5bc4ca52/edge-nodes/1"
          },
          "sensitive_attributes": []
        }
      ]
    },
    {
      "mode": "data",
      "type": "nsxt_policy_transport_zone",
      "name": "overlay_tz",
      "provider": "provider[\"registry.terraform.io/vmware/nsxt\"]",
      "instances": [
        {
          "schema_version": 0,
          "attributes": {
            "description": "GEVEVE Overlay Transport Zone",
            "display_name": "TZ-Overlay",
            "id": "2ecc970d-7274-4ba2-a004-a11c3baa773d",
            "is_default": true,
            "path": "/infra/sites/default/enforcement-points/default/transport-zones/2ecc970d-7274-4ba2-a004-a11c3baa773d",
            "site_path": null,
            "transport_type": "OVERLAY_STANDARD"
          },
          "sensitive_attributes": []
        }
      ]
    },
    {
      "mode": "data",
      "type": "nsxt_policy_transport_zone",
      "name": "vlan_tz",
      "provider": "provider[\"registry.terraform.io/vmware/nsxt\"]",
      "instances": [
        {
          "schema_version": 0,
          "attributes": {
            "description": "Edge Cluster Peering Segments",
            "display_name": "TZ-Edge",
            "id": "ca1b059b-6633-4222-94c9-c11080a6d587",
            "is_default": false,
            "path": "/infra/sites/default/enforcement-points/default/transport-zones/ca1b059b-6633-4222-94c9-c11080a6d587",
            "site_path": null,
            "transport_type": "VLAN_BACKED"
          },
          "sensitive_attributes": []
        }
      ]
    },
    {
      "mode": "managed",
      "type": "nsxt_policy_bgp_neighbor",
      "name": "router_a",
      "provider": "provider[\"registry.terraform.io/vmware/nsxt\"]",
      "instances": [
        {
          "schema_version": 0,
          "attributes": {
            "allow_as_in": false,
            "bfd_config": [],
            "bgp_path": "/infra/tier-0s/473b690d-b7ea-4142-ba8b-3ecfd058983b/locale-services/default/bgp",
            "description": "Terraform provisioned BGP Neighbor Configuration",
            "display_name": "ToR-A",
            "graceful_restart_mode": "HELPER_ONLY",
            "hold_down_time": 180,
            "id": "9c02a66e-9a49-4033-a21f-98b26d6da65f",
            "keep_alive_time": 60,
            "maximum_hop_limit": 1,
            "neighbor_address": "10.10.0.1",
            "nsx_id": "9c02a66e-9a49-4033-a21f-98b26d6da65f",
            "password": null,
            "path": "/infra/tier-0s/473b690d-b7ea-4142-ba8b-3ecfd058983b/locale-services/default/bgp/neighbors/9c02a66e-9a49-4033-a21f-98b26d6da65f",
            "remote_as_num": "65200",
            "revision": 0,
            "route_filtering": [
              {
                "address_family": "IPV4",
                "enabled": true,
                "in_route_filter": "",
                "maximum_routes": 0,
                "out_route_filter": ""
              }
            ],
            "source_addresses": null,
            "tag": []
          },
          "sensitive_attributes": [],
          "private": "bnVsbA==",
          "dependencies": [
            "data.nsxt_policy_edge_cluster.edge_cluster_vrf",
            "nsxt_policy_tier0_gateway.vrf_tier0_gw"
          ]
        }
      ]
    },
    {
      "mode": "managed",
      "type": "nsxt_policy_bgp_neighbor",
      "name": "router_b",
      "provider": "provider[\"registry.terraform.io/vmware/nsxt\"]",
      "instances": [
        {
          "schema_version": 0,
          "attributes": {
            "allow_as_in": false,
            "bfd_config": [],
            "bgp_path": "/infra/tier-0s/473b690d-b7ea-4142-ba8b-3ecfd058983b/locale-services/default/bgp",
            "description": "Terraform provisioned BGP Neighbor Configuration",
            "display_name": "ToR-B",
            "graceful_restart_mode": "HELPER_ONLY",
            "hold_down_time": 180,
            "id": "429baa8d-c75c-4965-af51-5f556a589015",
            "keep_alive_time": 60,
            "maximum_hop_limit": 1,
            "neighbor_address": "10.20.0.1",
            "nsx_id": "429baa8d-c75c-4965-af51-5f556a589015",
            "password": null,
            "path": "/infra/tier-0s/473b690d-b7ea-4142-ba8b-3ecfd058983b/locale-services/default/bgp/neighbors/429baa8d-c75c-4965-af51-5f556a589015",
            "remote_as_num": "65200",
            "revision": 0,
            "route_filtering": [
              {
                "address_family": "IPV4",
                "enabled": true,
                "in_route_filter": "",
                "maximum_routes": 0,
                "out_route_filter": ""
              }
            ],
            "source_addresses": null,
            "tag": []
          },
          "sensitive_attributes": [],
          "private": "bnVsbA==",
          "dependencies": [
            "data.nsxt_policy_edge_cluster.edge_cluster_vrf",
            "nsxt_policy_tier0_gateway.vrf_tier0_gw"
          ]
        }
      ]
    },
    {
      "mode": "managed",
      "type": "nsxt_policy_bgp_neighbor",
      "name": "vrf_blue_router_a",
      "provider": "provider[\"registry.terraform.io/vmware/nsxt\"]",
      "instances": [
        {
          "schema_version": 0,
          "attributes": {
            "allow_as_in": false,
            "bfd_config": [],
            "bgp_path": "/infra/tier-0s/797f9cf9-4dea-449d-bebd-50b76dd9949e/locale-services/default/bgp",
            "description": "VRF Blue to ToR-A",
            "display_name": "ToR-A",
            "graceful_restart_mode": "HELPER_ONLY",
            "hold_down_time": 180,
            "id": "37e989e0-4b55-4e18-b522-e00b217c6915",
            "keep_alive_time": 60,
            "maximum_hop_limit": 1,
            "neighbor_address": "10.10.2.1",
            "nsx_id": "37e989e0-4b55-4e18-b522-e00b217c6915",
            "password": null,
            "path": "/infra/tier-0s/797f9cf9-4dea-449d-bebd-50b76dd9949e/locale-services/default/bgp/neighbors/37e989e0-4b55-4e18-b522-e00b217c6915",
            "remote_as_num": "65200",
            "revision": 0,
            "route_filtering": [
              {
                "address_family": "IPV4",
                "enabled": true,
                "in_route_filter": "",
                "maximum_routes": 0,
                "out_route_filter": ""
              }
            ],
            "source_addresses": null,
            "tag": []
          },
          "sensitive_attributes": [],
          "private": "bnVsbA==",
          "dependencies": [
            "data.nsxt_policy_edge_cluster.edge_cluster_vrf",
            "nsxt_policy_bgp_neighbor.router_a",
            "nsxt_policy_tier0_gateway.blue_vrf",
            "nsxt_policy_tier0_gateway.vrf_tier0_gw"
          ]
        }
      ]
    },
    {
      "mode": "managed",
      "type": "nsxt_policy_bgp_neighbor",
      "name": "vrf_blue_router_b",
      "provider": "provider[\"registry.terraform.io/vmware/nsxt\"]",
      "instances": [
        {
          "schema_version": 0,
          "attributes": {
            "allow_as_in": false,
            "bfd_config": [],
            "bgp_path": "/infra/tier-0s/797f9cf9-4dea-449d-bebd-50b76dd9949e/locale-services/default/bgp",
            "description": "VRF Blue to ToR-B",
            "display_name": "ToR-B",
            "graceful_restart_mode": "HELPER_ONLY",
            "hold_down_time": 180,
            "id": "062ed50f-80ab-4b86-984c-aaa5924c4f62",
            "keep_alive_time": 60,
            "maximum_hop_limit": 1,
            "neighbor_address": "10.20.2.1",
            "nsx_id": "062ed50f-80ab-4b86-984c-aaa5924c4f62",
            "password": null,
            "path": "/infra/tier-0s/797f9cf9-4dea-449d-bebd-50b76dd9949e/locale-services/default/bgp/neighbors/062ed50f-80ab-4b86-984c-aaa5924c4f62",
            "remote_as_num": "65200",
            "revision": 0,
            "route_filtering": [
              {
                "address_family": "IPV4",
                "enabled": true,
                "in_route_filter": "",
                "maximum_routes": 0,
                "out_route_filter": ""
              }
            ],
            "source_addresses": null,
            "tag": []
          },
          "sensitive_attributes": [],
          "private": "bnVsbA==",
          "dependencies": [
            "data.nsxt_policy_edge_cluster.edge_cluster_vrf",
            "nsxt_policy_bgp_neighbor.router_b",
            "nsxt_policy_tier0_gateway.blue_vrf",
            "nsxt_policy_tier0_gateway.vrf_tier0_gw"
          ]
        }
      ]
    },
    {
      "mode": "managed",
      "type": "nsxt_policy_bgp_neighbor",
      "name": "vrf_red_router_a",
      "provider": "provider[\"registry.terraform.io/vmware/nsxt\"]",
      "instances": [
        {
          "schema_version": 0,
          "attributes": {
            "allow_as_in": false,
            "bfd_config": [],
            "bgp_path": "/infra/tier-0s/b5924b54-03f5-4ab7-8770-e228975b550b/locale-services/default/bgp",
            "description": "VRF Red to ToR-A",
            "display_name": "ToR-A",
            "graceful_restart_mode": "HELPER_ONLY",
            "hold_down_time": 180,
            "id": "f624357e-d96e-4c9c-8e4f-188f0286a89a",
            "keep_alive_time": 60,
            "maximum_hop_limit": 1,
            "neighbor_address": "10.10.1.1",
            "nsx_id": "f624357e-d96e-4c9c-8e4f-188f0286a89a",
            "password": null,
            "path": "/infra/tier-0s/b5924b54-03f5-4ab7-8770-e228975b550b/locale-services/default/bgp/neighbors/f624357e-d96e-4c9c-8e4f-188f0286a89a",
            "remote_as_num": "65200",
            "revision": 0,
            "route_filtering": [
              {
                "address_family": "IPV4",
                "enabled": true,
                "in_route_filter": "",
                "maximum_routes": 0,
                "out_route_filter": ""
              }
            ],
            "source_addresses": null,
            "tag": []
          },
          "sensitive_attributes": [],
          "private": "bnVsbA==",
          "dependencies": [
            "data.nsxt_policy_edge_cluster.edge_cluster_vrf",
            "nsxt_policy_bgp_neighbor.router_a",
            "nsxt_policy_tier0_gateway.red_vrf",
            "nsxt_policy_tier0_gateway.vrf_tier0_gw"
          ]
        }
      ]
    },
    {
      "mode": "managed",
      "type": "nsxt_policy_bgp_neighbor",
      "name": "vrf_red_router_b",
      "provider": "provider[\"registry.terraform.io/vmware/nsxt\"]",
      "instances": [
        {
          "schema_version": 0,
          "attributes": {
            "allow_as_in": false,
            "bfd_config": [],
            "bgp_path": "/infra/tier-0s/b5924b54-03f5-4ab7-8770-e228975b550b/locale-services/default/bgp",
            "description": "VRF Red to ToR-B",
            "display_name": "ToR-B",
            "graceful_restart_mode": "HELPER_ONLY",
            "hold_down_time": 180,
            "id": "45b37fc4-81c9-449f-8bdd-10b17aca5713",
            "keep_alive_time": 60,
            "maximum_hop_limit": 1,
            "neighbor_address": "10.20.1.1",
            "nsx_id": "45b37fc4-81c9-449f-8bdd-10b17aca5713",
            "password": null,
            "path": "/infra/tier-0s/b5924b54-03f5-4ab7-8770-e228975b550b/locale-services/default/bgp/neighbors/45b37fc4-81c9-449f-8bdd-10b17aca5713",
            "remote_as_num": "65200",
            "revision": 0,
            "route_filtering": [
              {
                "address_family": "IPV4",
                "enabled": true,
                "in_route_filter": "",
                "maximum_routes": 0,
                "out_route_filter": ""
              }
            ],
            "source_addresses": null,
            "tag": []
          },
          "sensitive_attributes": [],
          "private": "bnVsbA==",
          "dependencies": [
            "data.nsxt_policy_edge_cluster.edge_cluster_vrf",
            "nsxt_policy_bgp_neighbor.router_b",
            "nsxt_policy_tier0_gateway.red_vrf",
            "nsxt_policy_tier0_gateway.vrf_tier0_gw"
          ]
        }
      ]
    },
    {
      "mode": "managed",
      "type": "nsxt_policy_segment",
      "name": "blue_segment_1",
      "provider": "provider[\"registry.terraform.io/vmware/nsxt\"]",
      "instances": [
        {
          "schema_version": 0,
          "attributes": {
            "advanced_config": [],
            "connectivity_path": "/infra/tier-1s/92260559-9a79-4768-be2c-cb996759fbb3",
            "description": "Blue Tenant Segment 1",
            "dhcp_config_path": "",
            "discovery_profile": [],
            "display_name": "Blue-Segment-1",
            "domain_name": "",
            "id": "f8b6fa98-6413-44d6-b9a4-94a5bb011981",
            "l2_extension": [],
            "nsx_id": "f8b6fa98-6413-44d6-b9a4-94a5bb011981",
            "overlay_id": 0,
            "path": "/infra/segments/f8b6fa98-6413-44d6-b9a4-94a5bb011981",
            "qos_profile": [],
            "revision": 0,
            "security_profile": [],
            "subnet": [
              {
                "cidr": "172.16.20.1/24",
                "dhcp_ranges": null,
                "dhcp_v4_config": [],
                "dhcp_v6_config": [],
                "network": "172.16.20.0/24"
              }
            ],
            "tag": [],
            "transport_zone_path": "/infra/sites/default/enforcement-points/default/transport-zones/2ecc970d-7274-4ba2-a004-a11c3baa773d",
            "vlan_ids": null
          },
          "sensitive_attributes": [],
          "private": "bnVsbA==",
          "dependencies": [
            "data.nsxt_policy_edge_cluster.edge_cluster_vrf",
            "data.nsxt_policy_transport_zone.overlay_tz",
            "nsxt_policy_tier0_gateway.blue_vrf",
            "nsxt_policy_tier0_gateway.vrf_tier0_gw",
            "nsxt_policy_tier1_gateway.tier1_gw_blue"
          ]
        }
      ]
    },
    {
      "mode": "managed",
      "type": "nsxt_policy_segment",
      "name": "red_segment_1",
      "provider": "provider[\"registry.terraform.io/vmware/nsxt\"]",
      "instances": [
        {
          "schema_version": 0,
          "attributes": {
            "advanced_config": [],
            "connectivity_path": "/infra/tier-1s/7d254c72-c407-4eea-b267-9e0c39e0721a",
            "description": "Red Tenant Segment 1",
            "dhcp_config_path": "",
            "discovery_profile": [],
            "display_name": "Red-Segment-1",
            "domain_name": "",
            "id": "f0120dd5-099a-4eb1-b98f-28064f239fee",
            "l2_extension": [],
            "nsx_id": "f0120dd5-099a-4eb1-b98f-28064f239fee",
            "overlay_id": 0,
            "path": "/infra/segments/f0120dd5-099a-4eb1-b98f-28064f239fee",
            "qos_profile": [],
            "revision": 0,
            "security_profile": [],
            "subnet": [
              {
                "cidr": "172.16.10.1/24",
                "dhcp_ranges": null,
                "dhcp_v4_config": [],
                "dhcp_v6_config": [],
                "network": "172.16.10.0/24"
              }
            ],
            "tag": [],
            "transport_zone_path": "/infra/sites/default/enforcement-points/default/transport-zones/2ecc970d-7274-4ba2-a004-a11c3baa773d",
            "vlan_ids": null
          },
          "sensitive_attributes": [],
          "private": "bnVsbA==",
          "dependencies": [
            "data.nsxt_policy_edge_cluster.edge_cluster_vrf",
            "data.nsxt_policy_transport_zone.overlay_tz",
            "nsxt_policy_tier0_gateway.red_vrf",
            "nsxt_policy_tier0_gateway.vrf_tier0_gw",
            "nsxt_policy_tier1_gateway.tier1_gw_red"
          ]
        }
      ]
    },
    {
      "mode": "managed",
      "type": "nsxt_policy_segment",
      "name": "red_segment_2",
      "provider": "provider[\"registry.terraform.io/vmware/nsxt\"]",
      "instances": [
        {
          "schema_version": 0,
          "attributes": {
            "advanced_config": [],
            "connectivity_path": "/infra/tier-1s/7d254c72-c407-4eea-b267-9e0c39e0721a",
            "description": "Red Tenant Segment 2",
            "dhcp_config_path": "",
            "discovery_profile": [],
            "display_name": "Red-Segment-2",
            "domain_name": "",
            "id": "7aee815c-0c46-436e-97e2-b51238dec9f1",
            "l2_extension": [],
            "nsx_id": "7aee815c-0c46-436e-97e2-b51238dec9f1",
            "overlay_id": 0,
            "path": "/infra/segments/7aee815c-0c46-436e-97e2-b51238dec9f1",
            "qos_profile": [],
            "revision": 0,
            "security_profile": [],
            "subnet": [
              {
                "cidr": "172.16.11.1/24",
                "dhcp_ranges": null,
                "dhcp_v4_config": [],
                "dhcp_v6_config": [],
                "network": "172.16.11.0/24"
              }
            ],
            "tag": [],
            "transport_zone_path": "/infra/sites/default/enforcement-points/default/transport-zones/2ecc970d-7274-4ba2-a004-a11c3baa773d",
            "vlan_ids": null
          },
          "sensitive_attributes": [],
          "private": "bnVsbA==",
          "dependencies": [
            "data.nsxt_policy_edge_cluster.edge_cluster_vrf",
            "data.nsxt_policy_transport_zone.overlay_tz",
            "nsxt_policy_tier0_gateway.red_vrf",
            "nsxt_policy_tier0_gateway.vrf_tier0_gw",
            "nsxt_policy_tier1_gateway.tier1_gw_red"
          ]
        }
      ]
    },
    {
      "mode": "managed",
      "type": "nsxt_policy_tier0_gateway",
      "name": "blue_vrf",
      "provider": "provider[\"registry.terraform.io/vmware/nsxt\"]",
      "instances": [
        {
          "schema_version": 0,
          "attributes": {
            "bgp_config": [
              {
                "ecmp": true,
                "enabled": true,
                "graceful_restart_mode": "HELPER_ONLY",
                "graceful_restart_stale_route_timer": 600,
                "graceful_restart_timer": 180,
                "inter_sr_ibgp": false,
                "local_as_num": "",
                "multipath_relax": false,
                "path": "/infra/tier-0s/797f9cf9-4dea-449d-bebd-50b76dd9949e/locale-services/default/bgp",
                "revision": 1,
                "route_aggregation": [],
                "tag": []
              }
            ],
            "default_rule_logging": false,
            "description": "VRF Blue Tenant",
            "dhcp_config_path": null,
            "display_name": "VRF-Blue-Tenant",
            "edge_cluster_path": "/infra/sites/default/enforcement-points/default/edge-clusters/d82d323c-5862-48f9-b6ef-490f5bc4ca52",
            "enable_firewall": false,
            "failover_mode": "NON_PREEMPTIVE",
            "force_whitelisting": false,
            "ha_mode": "ACTIVE_ACTIVE",
            "id": "797f9cf9-4dea-449d-bebd-50b76dd9949e",
            "internal_transit_subnets": [
              "169.254.0.0/24"
            ],
            "intersite_config": null,
            "ipv6_dad_profile_path": "/infra/ipv6-dad-profiles/default",
            "ipv6_ndra_profile_path": "/infra/ipv6-ndra-profiles/default",
            "locale_service": [],
            "nsx_id": "797f9cf9-4dea-449d-bebd-50b76dd9949e",
            "path": "/infra/tier-0s/797f9cf9-4dea-449d-bebd-50b76dd9949e",
            "rd_admin_address": "",
            "redistribution_config": null,
            "redistribution_set": false,
            "revision": 0,
            "tag": [
              {
                "scope": "tenant",
                "tag": "blue"
              }
            ],
            "transit_subnets": [
              "100.64.0.0/16"
            ],
            "vrf_config": [
              {
                "evpn_transit_vni": 0,
                "gateway_path": "/infra/tier-0s/473b690d-b7ea-4142-ba8b-3ecfd058983b",
                "path": "",
                "route_distinguisher": "",
                "route_target": [],
                "tag": []
              }
            ]
          },
          "sensitive_attributes": [],
          "private": "bnVsbA==",
          "dependencies": [
            "data.nsxt_policy_edge_cluster.edge_cluster_vrf",
            "nsxt_policy_tier0_gateway.vrf_tier0_gw"
          ]
        }
      ]
    },
    {
      "mode": "managed",
      "type": "nsxt_policy_tier0_gateway",
      "name": "red_vrf",
      "provider": "provider[\"registry.terraform.io/vmware/nsxt\"]",
      "instances": [
        {
          "schema_version": 0,
          "attributes": {
            "bgp_config": [
              {
                "ecmp": true,
                "enabled": true,
                "graceful_restart_mode": "HELPER_ONLY",
                "graceful_restart_stale_route_timer": 600,
                "graceful_restart_timer": 180,
                "inter_sr_ibgp": false,
                "local_as_num": "",
                "multipath_relax": false,
                "path": "/infra/tier-0s/b5924b54-03f5-4ab7-8770-e228975b550b/locale-services/default/bgp",
                "revision": 1,
                "route_aggregation": [],
                "tag": []
              }
            ],
            "default_rule_logging": false,
            "description": "VRF Red Tenant",
            "dhcp_config_path": null,
            "display_name": "VRF-Red-Tenant",
            "edge_cluster_path": "/infra/sites/default/enforcement-points/default/edge-clusters/d82d323c-5862-48f9-b6ef-490f5bc4ca52",
            "enable_firewall": false,
            "failover_mode": "NON_PREEMPTIVE",
            "force_whitelisting": false,
            "ha_mode": "ACTIVE_ACTIVE",
            "id": "b5924b54-03f5-4ab7-8770-e228975b550b",
            "internal_transit_subnets": [
              "169.254.0.0/24"
            ],
            "intersite_config": null,
            "ipv6_dad_profile_path": "/infra/ipv6-dad-profiles/default",
            "ipv6_ndra_profile_path": "/infra/ipv6-ndra-profiles/default",
            "locale_service": [],
            "nsx_id": "b5924b54-03f5-4ab7-8770-e228975b550b",
            "path": "/infra/tier-0s/b5924b54-03f5-4ab7-8770-e228975b550b",
            "rd_admin_address": "",
            "redistribution_config": null,
            "redistribution_set": false,
            "revision": 0,
            "tag": [
              {
                "scope": "tenant",
                "tag": "red"
              }
            ],
            "transit_subnets": [
              "100.64.0.0/16"
            ],
            "vrf_config": [
              {
                "evpn_transit_vni": 0,
                "gateway_path": "/infra/tier-0s/473b690d-b7ea-4142-ba8b-3ecfd058983b",
                "path": "",
                "route_distinguisher": "",
                "route_target": [],
                "tag": []
              }
            ]
          },
          "sensitive_attributes": [],
          "private": "bnVsbA==",
          "dependencies": [
            "data.nsxt_policy_edge_cluster.edge_cluster_vrf",
            "nsxt_policy_tier0_gateway.vrf_tier0_gw"
          ]
        }
      ]
    },
    {
      "mode": "managed",
      "type": "nsxt_policy_tier0_gateway",
      "name": "vrf_tier0_gw",
      "provider": "provider[\"registry.terraform.io/vmware/nsxt\"]",
      "instances": [
        {
          "schema_version": 0,
          "attributes": {
            "bgp_config": [
              {
                "ecmp": true,
                "enabled": true,
                "graceful_restart_mode": "HELPER_ONLY",
                "graceful_restart_stale_route_timer": 600,
                "graceful_restart_timer": 180,
                "inter_sr_ibgp": true,
                "local_as_num": "65201",
                "multipath_relax": true,
                "path": "/infra/tier-0s/473b690d-b7ea-4142-ba8b-3ecfd058983b/locale-services/default/bgp",
                "revision": 1,
                "route_aggregation": [],
                "tag": []
              }
            ],
            "default_rule_logging": false,
            "description": "VRF Tier 0",
            "dhcp_config_path": null,
            "display_name": "VRF-Tier-0",
            "edge_cluster_path": "/infra/sites/default/enforcement-points/default/edge-clusters/d82d323c-5862-48f9-b6ef-490f5bc4ca52",
            "enable_firewall": false,
            "failover_mode": "NON_PREEMPTIVE",
            "force_whitelisting": false,
            "ha_mode": "ACTIVE_ACTIVE",
            "id": "473b690d-b7ea-4142-ba8b-3ecfd058983b",
            "internal_transit_subnets": [
              "169.254.0.0/24"
            ],
            "intersite_config": null,
            "ipv6_dad_profile_path": "/infra/ipv6-dad-profiles/default",
            "ipv6_ndra_profile_path": "/infra/ipv6-ndra-profiles/default",
            "locale_service": [],
            "nsx_id": "473b690d-b7ea-4142-ba8b-3ecfd058983b",
            "path": "/infra/tier-0s/473b690d-b7ea-4142-ba8b-3ecfd058983b",
            "rd_admin_address": "",
            "redistribution_config": null,
            "redistribution_set": false,
            "revision": 0,
            "tag": [],
            "transit_subnets": [
              "100.64.0.0/16"
            ],
            "vrf_config": []
          },
          "sensitive_attributes": [],
          "private": "bnVsbA==",
          "dependencies": [
            "data.nsxt_policy_edge_cluster.edge_cluster_vrf"
          ]
        }
      ]
    },
    {
      "mode": "managed",
      "type": "nsxt_policy_tier0_gateway_interface",
      "name": "blue_vrf_uplink1",
      "provider": "provider[\"registry.terraform.io/vmware/nsxt\"]",
      "instances": [
        {
          "schema_version": 0,
          "attributes": {
            "access_vlan_id": 102,
            "description": "VRF Uplink to ToR",
            "display_name": "Uplink-01",
            "edge_node_path": "/infra/sites/default/enforcement-points/default/edge-clusters/d82d323c-5862-48f9-b6ef-490f5bc4ca52/edge-nodes/0",
            "enable_pim": false,
            "gateway_path": "/infra/tier-0s/797f9cf9-4dea-449d-bebd-50b76dd9949e",
            "id": "dfd9ad7c-37a2-4b8b-81cf-a3573cc05436",
            "ip_addresses": [
              "10.10.2.2"
            ],
            "ipv6_ndra_profile_path": null,
            "locale_service_id": "default",
            "mtu": 1500,
            "nsx_id": "dfd9ad7c-37a2-4b8b-81cf-a3573cc05436",
            "ospf": [],
            "path": "/infra/tier-0s/797f9cf9-4dea-449d-bebd-50b76dd9949e/locale-services/default/interfaces/dfd9ad7c-37a2-4b8b-81cf-a3573cc05436",
            "revision": 0,
            "segment_path": "/infra/segments/1f2efdaf-c33e-408a-b8c1-47d4d8f48470",
            "site_path": null,
            "subnets": [
              "10.10.2.2/24"
            ],
            "tag": [],
            "type": "EXTERNAL",
            "urpf_mode": "STRICT"
          },
          "sensitive_attributes": [],
          "private": "bnVsbA==",
          "dependencies": [
            "data.nsxt_policy_edge_cluster.edge_cluster_vrf",
            "data.nsxt_policy_edge_node.edge_node_1",
            "data.nsxt_policy_transport_zone.vlan_tz",
            "nsxt_policy_tier0_gateway.blue_vrf",
            "nsxt_policy_tier0_gateway.vrf_tier0_gw",
            "nsxt_policy_tier0_gateway_interface.vrf_uplink1",
            "nsxt_policy_vlan_segment.vlan100",
            "nsxt_policy_vlan_segment.vrf_trunk_a"
          ]
        }
      ]
    },
    {
      "mode": "managed",
      "type": "nsxt_policy_tier0_gateway_interface",
      "name": "blue_vrf_uplink2",
      "provider": "provider[\"registry.terraform.io/vmware/nsxt\"]",
      "instances": [
        {
          "schema_version": 0,
          "attributes": {
            "access_vlan_id": 202,
            "description": "VRF Uplink to ToR",
            "display_name": "Uplink-02",
            "edge_node_path": "/infra/sites/default/enforcement-points/default/edge-clusters/d82d323c-5862-48f9-b6ef-490f5bc4ca52/edge-nodes/1",
            "enable_pim": false,
            "gateway_path": "/infra/tier-0s/797f9cf9-4dea-449d-bebd-50b76dd9949e",
            "id": "032e5e91-e47d-4ebc-b84d-1e45f7a5b0ee",
            "ip_addresses": [
              "10.20.2.2"
            ],
            "ipv6_ndra_profile_path": null,
            "locale_service_id": "default",
            "mtu": 1500,
            "nsx_id": "032e5e91-e47d-4ebc-b84d-1e45f7a5b0ee",
            "ospf": [],
            "path": "/infra/tier-0s/797f9cf9-4dea-449d-bebd-50b76dd9949e/locale-services/default/interfaces/032e5e91-e47d-4ebc-b84d-1e45f7a5b0ee",
            "revision": 0,
            "segment_path": "/infra/segments/826a995e-1847-42b1-bffa-820002e07d3f",
            "site_path": null,
            "subnets": [
              "10.20.2.2/24"
            ],
            "tag": [],
            "type": "EXTERNAL",
            "urpf_mode": "STRICT"
          },
          "sensitive_attributes": [],
          "private": "bnVsbA==",
          "dependencies": [
            "data.nsxt_policy_edge_cluster.edge_cluster_vrf",
            "data.nsxt_policy_edge_node.edge_node_2",
            "data.nsxt_policy_transport_zone.vlan_tz",
            "nsxt_policy_tier0_gateway.blue_vrf",
            "nsxt_policy_tier0_gateway.vrf_tier0_gw",
            "nsxt_policy_tier0_gateway_interface.vrf_uplink2",
            "nsxt_policy_vlan_segment.vlan200",
            "nsxt_policy_vlan_segment.vrf_trunk_b"
          ]
        }
      ]
    },
    {
      "mode": "managed",
      "type": "nsxt_policy_tier0_gateway_interface",
      "name": "red_vrf_uplink1",
      "provider": "provider[\"registry.terraform.io/vmware/nsxt\"]",
      "instances": [
        {
          "schema_version": 0,
          "attributes": {
            "access_vlan_id": 101,
            "description": "Uplink to VRF to Provider Transit",
            "display_name": "Uplink-01",
            "edge_node_path": "/infra/sites/default/enforcement-points/default/edge-clusters/d82d323c-5862-48f9-b6ef-490f5bc4ca52/edge-nodes/0",
            "enable_pim": false,
            "gateway_path": "/infra/tier-0s/b5924b54-03f5-4ab7-8770-e228975b550b",
            "id": "b90b00af-646d-490f-a5e0-957ac8f528e6",
            "ip_addresses": [
              "10.10.1.2"
            ],
            "ipv6_ndra_profile_path": null,
            "locale_service_id": "default",
            "mtu": 1500,
            "nsx_id": "b90b00af-646d-490f-a5e0-957ac8f528e6",
            "ospf": [],
            "path": "/infra/tier-0s/b5924b54-03f5-4ab7-8770-e228975b550b/locale-services/default/interfaces/b90b00af-646d-490f-a5e0-957ac8f528e6",
            "revision": 0,
            "segment_path": "/infra/segments/1f2efdaf-c33e-408a-b8c1-47d4d8f48470",
            "site_path": null,
            "subnets": [
              "10.10.1.2/24"
            ],
            "tag": [],
            "type": "EXTERNAL",
            "urpf_mode": "STRICT"
          },
          "sensitive_attributes": [],
          "private": "bnVsbA==",
          "dependencies": [
            "data.nsxt_policy_edge_cluster.edge_cluster_vrf",
            "data.nsxt_policy_edge_node.edge_node_1",
            "data.nsxt_policy_transport_zone.vlan_tz",
            "nsxt_policy_tier0_gateway.red_vrf",
            "nsxt_policy_tier0_gateway.vrf_tier0_gw",
            "nsxt_policy_tier0_gateway_interface.vrf_uplink1",
            "nsxt_policy_vlan_segment.vlan100",
            "nsxt_policy_vlan_segment.vrf_trunk_a"
          ]
        }
      ]
    },
    {
      "mode": "managed",
      "type": "nsxt_policy_tier0_gateway_interface",
      "name": "red_vrf_uplink2",
      "provider": "provider[\"registry.terraform.io/vmware/nsxt\"]",
      "instances": [
        {
          "schema_version": 0,
          "attributes": {
            "access_vlan_id": 201,
            "description": "Uplink to VRF to Provider Transit",
            "display_name": "Uplink-02",
            "edge_node_path": "/infra/sites/default/enforcement-points/default/edge-clusters/d82d323c-5862-48f9-b6ef-490f5bc4ca52/edge-nodes/1",
            "enable_pim": false,
            "gateway_path": "/infra/tier-0s/b5924b54-03f5-4ab7-8770-e228975b550b",
            "id": "360a1fa3-54cd-4154-a6f3-275e90776b88",
            "ip_addresses": [
              "10.20.1.2"
            ],
            "ipv6_ndra_profile_path": null,
            "locale_service_id": "default",
            "mtu": 1500,
            "nsx_id": "360a1fa3-54cd-4154-a6f3-275e90776b88",
            "ospf": [],
            "path": "/infra/tier-0s/b5924b54-03f5-4ab7-8770-e228975b550b/locale-services/default/interfaces/360a1fa3-54cd-4154-a6f3-275e90776b88",
            "revision": 0,
            "segment_path": "/infra/segments/826a995e-1847-42b1-bffa-820002e07d3f",
            "site_path": null,
            "subnets": [
              "10.20.1.2/24"
            ],
            "tag": [],
            "type": "EXTERNAL",
            "urpf_mode": "STRICT"
          },
          "sensitive_attributes": [],
          "private": "bnVsbA==",
          "dependencies": [
            "data.nsxt_policy_edge_cluster.edge_cluster_vrf",
            "data.nsxt_policy_edge_node.edge_node_2",
            "data.nsxt_policy_transport_zone.vlan_tz",
            "nsxt_policy_tier0_gateway.red_vrf",
            "nsxt_policy_tier0_gateway.vrf_tier0_gw",
            "nsxt_policy_tier0_gateway_interface.vrf_uplink2",
            "nsxt_policy_vlan_segment.vlan200",
            "nsxt_policy_vlan_segment.vrf_trunk_b"
          ]
        }
      ]
    },
    {
      "mode": "managed",
      "type": "nsxt_policy_tier0_gateway_interface",
      "name": "vrf_uplink1",
      "provider": "provider[\"registry.terraform.io/vmware/nsxt\"]",
      "instances": [
        {
          "schema_version": 0,
          "attributes": {
            "access_vlan_id": null,
            "description": "Default Uplink to VRF to Provider Transit",
            "display_name": "Uplink-01",
            "edge_node_path": "/infra/sites/default/enforcement-points/default/edge-clusters/d82d323c-5862-48f9-b6ef-490f5bc4ca52/edge-nodes/0",
            "enable_pim": false,
            "gateway_path": "/infra/tier-0s/473b690d-b7ea-4142-ba8b-3ecfd058983b",
            "id": "63f01b25-e794-41cf-b34f-d79210dfbf8d",
            "ip_addresses": [
              "10.10.0.2"
            ],
            "ipv6_ndra_profile_path": null,
            "locale_service_id": "default",
            "mtu": 1500,
            "nsx_id": "63f01b25-e794-41cf-b34f-d79210dfbf8d",
            "ospf": [],
            "path": "/infra/tier-0s/473b690d-b7ea-4142-ba8b-3ecfd058983b/locale-services/default/interfaces/63f01b25-e794-41cf-b34f-d79210dfbf8d",
            "revision": 0,
            "segment_path": "/infra/segments/100792ed-9752-4561-8cca-e39c6600b92f",
            "site_path": null,
            "subnets": [
              "10.10.0.2/24"
            ],
            "tag": [],
            "type": "EXTERNAL",
            "urpf_mode": "STRICT"
          },
          "sensitive_attributes": [],
          "private": "bnVsbA==",
          "dependencies": [
            "data.nsxt_policy_edge_cluster.edge_cluster_vrf",
            "data.nsxt_policy_edge_node.edge_node_1",
            "data.nsxt_policy_transport_zone.vlan_tz",
            "nsxt_policy_tier0_gateway.vrf_tier0_gw",
            "nsxt_policy_vlan_segment.vlan100"
          ]
        }
      ]
    },
    {
      "mode": "managed",
      "type": "nsxt_policy_tier0_gateway_interface",
      "name": "vrf_uplink2",
      "provider": "provider[\"registry.terraform.io/vmware/nsxt\"]",
      "instances": [
        {
          "schema_version": 0,
          "attributes": {
            "access_vlan_id": null,
            "description": "Default Uplink to VRF to Provider Transit",
            "display_name": "Uplink-02",
            "edge_node_path": "/infra/sites/default/enforcement-points/default/edge-clusters/d82d323c-5862-48f9-b6ef-490f5bc4ca52/edge-nodes/1",
            "enable_pim": false,
            "gateway_path": "/infra/tier-0s/473b690d-b7ea-4142-ba8b-3ecfd058983b",
            "id": "850bd7a2-c435-4148-a9b1-d6f61f25c749",
            "ip_addresses": [
              "10.20.0.2"
            ],
            "ipv6_ndra_profile_path": null,
            "locale_service_id": "default",
            "mtu": 1500,
            "nsx_id": "850bd7a2-c435-4148-a9b1-d6f61f25c749",
            "ospf": [],
            "path": "/infra/tier-0s/473b690d-b7ea-4142-ba8b-3ecfd058983b/locale-services/default/interfaces/850bd7a2-c435-4148-a9b1-d6f61f25c749",
            "revision": 0,
            "segment_path": "/infra/segments/6b25a767-789f-4fb1-9755-f350b93c5f89",
            "site_path": null,
            "subnets": [
              "10.20.0.2/24"
            ],
            "tag": [],
            "type": "EXTERNAL",
            "urpf_mode": "STRICT"
          },
          "sensitive_attributes": [],
          "private": "bnVsbA==",
          "dependencies": [
            "data.nsxt_policy_edge_cluster.edge_cluster_vrf",
            "data.nsxt_policy_edge_node.edge_node_2",
            "data.nsxt_policy_transport_zone.vlan_tz",
            "nsxt_policy_tier0_gateway.vrf_tier0_gw",
            "nsxt_policy_vlan_segment.vlan200"
          ]
        }
      ]
    },
    {
      "mode": "managed",
      "type": "nsxt_policy_tier1_gateway",
      "name": "tier1_gw_blue",
      "provider": "provider[\"registry.terraform.io/vmware/nsxt\"]",
      "instances": [
        {
          "schema_version": 0,
          "attributes": {
            "default_rule_logging": false,
            "description": "Blue Tenant Tier-1",
            "dhcp_config_path": null,
            "display_name": "Blue-Tier-1",
            "edge_cluster_path": "/infra/sites/default/enforcement-points/default/edge-clusters/d82d323c-5862-48f9-b6ef-490f5bc4ca52",
            "egress_qos_profile_path": null,
            "enable_firewall": false,
            "enable_standby_relocation": false,
            "failover_mode": "NON_PREEMPTIVE",
            "force_whitelisting": true,
            "id": "92260559-9a79-4768-be2c-cb996759fbb3",
            "ingress_qos_profile_path": null,
            "intersite_config": null,
            "ipv6_dad_profile_path": "/infra/ipv6-dad-profiles/default",
            "ipv6_ndra_profile_path": "/infra/ipv6-ndra-profiles/default",
            "locale_service": [],
            "nsx_id": "92260559-9a79-4768-be2c-cb996759fbb3",
            "path": "/infra/tier-1s/92260559-9a79-4768-be2c-cb996759fbb3",
            "pool_allocation": "ROUTING",
            "revision": 1,
            "route_advertisement_rule": [
              {
                "action": "PERMIT",
                "name": "Tier 1 Networks",
                "prefix_operator": "GE",
                "route_advertisement_types": [
                  "TIER1_CONNECTED"
                ],
                "subnets": [
                  "172.16.20.0/24"
                ]
              }
            ],
            "route_advertisement_types": [
              "TIER1_CONNECTED",
              "TIER1_STATIC_ROUTES"
            ],
            "tag": [
              {
                "scope": "tenant",
                "tag": "blue"
              }
            ],
            "tier0_path": "/infra/tier-0s/797f9cf9-4dea-449d-bebd-50b76dd9949e"
          },
          "sensitive_attributes": [],
          "private": "bnVsbA==",
          "dependencies": [
            "data.nsxt_policy_edge_cluster.edge_cluster_vrf",
            "nsxt_policy_tier0_gateway.blue_vrf",
            "nsxt_policy_tier0_gateway.vrf_tier0_gw"
          ]
        }
      ]
    },
    {
      "mode": "managed",
      "type": "nsxt_policy_tier1_gateway",
      "name": "tier1_gw_red",
      "provider": "provider[\"registry.terraform.io/vmware/nsxt\"]",
      "instances": [
        {
          "schema_version": 0,
          "attributes": {
            "default_rule_logging": false,
            "description": "Red Tenant Tier-1",
            "dhcp_config_path": null,
            "display_name": "Red-Tier-1",
            "edge_cluster_path": "/infra/sites/default/enforcement-points/default/edge-clusters/d82d323c-5862-48f9-b6ef-490f5bc4ca52",
            "egress_qos_profile_path": null,
            "enable_firewall": true,
            "enable_standby_relocation": false,
            "failover_mode": "NON_PREEMPTIVE",
            "force_whitelisting": true,
            "id": "7d254c72-c407-4eea-b267-9e0c39e0721a",
            "ingress_qos_profile_path": null,
            "intersite_config": null,
            "ipv6_dad_profile_path": "/infra/ipv6-dad-profiles/default",
            "ipv6_ndra_profile_path": "/infra/ipv6-ndra-profiles/default",
            "locale_service": [],
            "nsx_id": "7d254c72-c407-4eea-b267-9e0c39e0721a",
            "path": "/infra/tier-1s/7d254c72-c407-4eea-b267-9e0c39e0721a",
            "pool_allocation": "ROUTING",
            "revision": 1,
            "route_advertisement_rule": [
              {
                "action": "PERMIT",
                "name": "Tier 1 Networks",
                "prefix_operator": "GE",
                "route_advertisement_types": [
                  "TIER1_CONNECTED"
                ],
                "subnets": [
                  "172.16.10.0/24",
                  "172.16.11.0/24"
                ]
              }
            ],
            "route_advertisement_types": [
              "TIER1_CONNECTED",
              "TIER1_STATIC_ROUTES"
            ],
            "tag": [
              {
                "scope": "tenant",
                "tag": "red"
              }
            ],
            "tier0_path": "/infra/tier-0s/b5924b54-03f5-4ab7-8770-e228975b550b"
          },
          "sensitive_attributes": [],
          "private": "bnVsbA==",
          "dependencies": [
            "data.nsxt_policy_edge_cluster.edge_cluster_vrf",
            "nsxt_policy_tier0_gateway.red_vrf",
            "nsxt_policy_tier0_gateway.vrf_tier0_gw"
          ]
        }
      ]
    },
    {
      "mode": "managed",
      "type": "nsxt_policy_vlan_segment",
      "name": "vlan100",
      "provider": "provider[\"registry.terraform.io/vmware/nsxt\"]",
      "instances": [
        {
          "schema_version": 0,
          "attributes": {
            "advanced_config": [],
            "description": "VLAN Segment created by Terraform",
            "dhcp_config_path": "",
            "discovery_profile": [],
            "display_name": "VLAN100",
            "domain_name": "",
            "id": "100792ed-9752-4561-8cca-e39c6600b92f",
            "l2_extension": [],
            "nsx_id": "100792ed-9752-4561-8cca-e39c6600b92f",
            "path": "/infra/segments/100792ed-9752-4561-8cca-e39c6600b92f",
            "qos_profile": [],
            "revision": 0,
            "security_profile": [],
            "subnet": [],
            "tag": [],
            "transport_zone_path": "/infra/sites/default/enforcement-points/default/transport-zones/ca1b059b-6633-4222-94c9-c11080a6d587",
            "vlan_ids": [
              "100"
            ]
          },
          "sensitive_attributes": [],
          "private": "bnVsbA==",
          "dependencies": [
            "data.nsxt_policy_transport_zone.vlan_tz"
          ]
        }
      ]
    },
    {
      "mode": "managed",
      "type": "nsxt_policy_vlan_segment",
      "name": "vlan101",
      "provider": "provider[\"registry.terraform.io/vmware/nsxt\"]",
      "instances": [
        {
          "schema_version": 0,
          "attributes": {
            "advanced_config": [],
            "description": "VRF Red Tenant Access VLAN to ToR-A",
            "dhcp_config_path": "",
            "discovery_profile": [],
            "display_name": "VLAN101",
            "domain_name": "",
            "id": "4e0219cb-f3b9-4260-b972-5773f0317180",
            "l2_extension": [],
            "nsx_id": "4e0219cb-f3b9-4260-b972-5773f0317180",
            "path": "/infra/segments/4e0219cb-f3b9-4260-b972-5773f0317180",
            "qos_profile": [],
            "revision": 0,
            "security_profile": [],
            "subnet": [],
            "tag": [],
            "transport_zone_path": "/infra/sites/default/enforcement-points/default/transport-zones/ca1b059b-6633-4222-94c9-c11080a6d587",
            "vlan_ids": [
              "101"
            ]
          },
          "sensitive_attributes": [],
          "private": "bnVsbA==",
          "dependencies": [
            "data.nsxt_policy_transport_zone.vlan_tz"
          ]
        }
      ]
    },
    {
      "mode": "managed",
      "type": "nsxt_policy_vlan_segment",
      "name": "vlan102",
      "provider": "provider[\"registry.terraform.io/vmware/nsxt\"]",
      "instances": [
        {
          "schema_version": 0,
          "attributes": {
            "advanced_config": [],
            "description": "VRF Blue Tenant Access VLAN to ToR-A",
            "dhcp_config_path": "",
            "discovery_profile": [],
            "display_name": "VLAN102",
            "domain_name": "",
            "id": "d1f69cc9-9550-4679-887d-607d19440eb4",
            "l2_extension": [],
            "nsx_id": "d1f69cc9-9550-4679-887d-607d19440eb4",
            "path": "/infra/segments/d1f69cc9-9550-4679-887d-607d19440eb4",
            "qos_profile": [],
            "revision": 0,
            "security_profile": [],
            "subnet": [],
            "tag": [],
            "transport_zone_path": "/infra/sites/default/enforcement-points/default/transport-zones/ca1b059b-6633-4222-94c9-c11080a6d587",
            "vlan_ids": [
              "102"
            ]
          },
          "sensitive_attributes": [],
          "private": "bnVsbA==",
          "dependencies": [
            "data.nsxt_policy_transport_zone.vlan_tz"
          ]
        }
      ]
    },
    {
      "mode": "managed",
      "type": "nsxt_policy_vlan_segment",
      "name": "vlan200",
      "provider": "provider[\"registry.terraform.io/vmware/nsxt\"]",
      "instances": [
        {
          "schema_version": 0,
          "attributes": {
            "advanced_config": [],
            "description": "VLAN Segment created by Terraform",
            "dhcp_config_path": "",
            "discovery_profile": [],
            "display_name": "VLAN200",
            "domain_name": "",
            "id": "6b25a767-789f-4fb1-9755-f350b93c5f89",
            "l2_extension": [],
            "nsx_id": "6b25a767-789f-4fb1-9755-f350b93c5f89",
            "path": "/infra/segments/6b25a767-789f-4fb1-9755-f350b93c5f89",
            "qos_profile": [],
            "revision": 0,
            "security_profile": [],
            "subnet": [],
            "tag": [],
            "transport_zone_path": "/infra/sites/default/enforcement-points/default/transport-zones/ca1b059b-6633-4222-94c9-c11080a6d587",
            "vlan_ids": [
              "200"
            ]
          },
          "sensitive_attributes": [],
          "private": "bnVsbA==",
          "dependencies": [
            "data.nsxt_policy_transport_zone.vlan_tz"
          ]
        }
      ]
    },
    {
      "mode": "managed",
      "type": "nsxt_policy_vlan_segment",
      "name": "vlan201",
      "provider": "provider[\"registry.terraform.io/vmware/nsxt\"]",
      "instances": [
        {
          "schema_version": 0,
          "attributes": {
            "advanced_config": [],
            "description": "VRF Red Tenant Access VLAN to ToR-B",
            "dhcp_config_path": "",
            "discovery_profile": [],
            "display_name": "VLAN201",
            "domain_name": "",
            "id": "16900b7e-e49e-474f-a072-57c79f06f467",
            "l2_extension": [],
            "nsx_id": "16900b7e-e49e-474f-a072-57c79f06f467",
            "path": "/infra/segments/16900b7e-e49e-474f-a072-57c79f06f467",
            "qos_profile": [],
            "revision": 0,
            "security_profile": [],
            "subnet": [],
            "tag": [],
            "transport_zone_path": "/infra/sites/default/enforcement-points/default/transport-zones/ca1b059b-6633-4222-94c9-c11080a6d587",
            "vlan_ids": [
              "201"
            ]
          },
          "sensitive_attributes": [],
          "private": "bnVsbA==",
          "dependencies": [
            "data.nsxt_policy_transport_zone.vlan_tz"
          ]
        }
      ]
    },
    {
      "mode": "managed",
      "type": "nsxt_policy_vlan_segment",
      "name": "vlan202",
      "provider": "provider[\"registry.terraform.io/vmware/nsxt\"]",
      "instances": [
        {
          "schema_version": 0,
          "attributes": {
            "advanced_config": [],
            "description": "VRF Blue Tenant Access VLAN to ToR-B",
            "dhcp_config_path": "",
            "discovery_profile": [],
            "display_name": "VLAN202",
            "domain_name": "",
            "id": "28d8d16b-7a4f-471b-85d2-8c381ddde85d",
            "l2_extension": [],
            "nsx_id": "28d8d16b-7a4f-471b-85d2-8c381ddde85d",
            "path": "/infra/segments/28d8d16b-7a4f-471b-85d2-8c381ddde85d",
            "qos_profile": [],
            "revision": 0,
            "security_profile": [],
            "subnet": [],
            "tag": [],
            "transport_zone_path": "/infra/sites/default/enforcement-points/default/transport-zones/ca1b059b-6633-4222-94c9-c11080a6d587",
            "vlan_ids": [
              "202"
            ]
          },
          "sensitive_attributes": [],
          "private": "bnVsbA==",
          "dependencies": [
            "data.nsxt_policy_transport_zone.vlan_tz"
          ]
        }
      ]
    },
    {
      "mode": "managed",
      "type": "nsxt_policy_vlan_segment",
      "name": "vrf_trunk_a",
      "provider": "provider[\"registry.terraform.io/vmware/nsxt\"]",
      "instances": [
        {
          "schema_version": 0,
          "attributes": {
            "advanced_config": [],
            "description": "Tenant VRF Trunk",
            "dhcp_config_path": "",
            "discovery_profile": [],
            "display_name": "VRF-Trunk-A",
            "domain_name": "",
            "id": "1f2efdaf-c33e-408a-b8c1-47d4d8f48470",
            "l2_extension": [],
            "nsx_id": "1f2efdaf-c33e-408a-b8c1-47d4d8f48470",
            "path": "/infra/segments/1f2efdaf-c33e-408a-b8c1-47d4d8f48470",
            "qos_profile": [],
            "revision": 0,
            "security_profile": [],
            "subnet": [],
            "tag": [],
            "transport_zone_path": "/infra/sites/default/enforcement-points/default/transport-zones/ca1b059b-6633-4222-94c9-c11080a6d587",
            "vlan_ids": [
              "101-110"
            ]
          },
          "sensitive_attributes": [],
          "private": "bnVsbA==",
          "dependencies": [
            "data.nsxt_policy_transport_zone.vlan_tz"
          ]
        }
      ]
    },
    {
      "mode": "managed",
      "type": "nsxt_policy_vlan_segment",
      "name": "vrf_trunk_b",
      "provider": "provider[\"registry.terraform.io/vmware/nsxt\"]",
      "instances": [
        {
          "schema_version": 0,
          "attributes": {
            "advanced_config": [],
            "description": "Tenant VRF Trunk",
            "dhcp_config_path": "",
            "discovery_profile": [],
            "display_name": "VRF-Trunk-B",
            "domain_name": "",
            "id": "826a995e-1847-42b1-bffa-820002e07d3f",
            "l2_extension": [],
            "nsx_id": "826a995e-1847-42b1-bffa-820002e07d3f",
            "path": "/infra/segments/826a995e-1847-42b1-bffa-820002e07d3f",
            "qos_profile": [],
            "revision": 0,
            "security_profile": [],
            "subnet": [],
            "tag": [],
            "transport_zone_path": "/infra/sites/default/enforcement-points/default/transport-zones/ca1b059b-6633-4222-94c9-c11080a6d587",
            "vlan_ids": [
              "201-210"
            ]
          },
          "sensitive_attributes": [],
          "private": "bnVsbA==",
          "dependencies": [
            "data.nsxt_policy_transport_zone.vlan_tz"
          ]
        }
      ]
    }
  ]
}
